[root]
name = "diecast"
version = "0.0.1"
dependencies = [
 "anymap 0.9.0 (git+https://github.com/chris-morgan/anymap)",
 "glob 0.0.1 (git+https://github.com/rust-lang/glob)",
]

[[package]]
name = "anymap"
version = "0.9.0"
source = "git+https://github.com/chris-morgan/anymap#c29e78c5634f9e6741287e9cfb281a73d4eddcc6"

[[package]]
name = "glob"
version = "0.0.1"
source = "git+https://github.com/rust-lang/glob#a469534627dec112d371f5acb95a561ea8940e69"

