[root]
name = "diecast"
version = "0.0.1"
dependencies = [
 "anymap 0.9.0 (git+https://github.com/chris-morgan/anymap#512885e502985a30a5b64e881f6f3af5a901d301)",
 "glob 0.0.1 (git+https://github.com/rust-lang/glob#27338cbd4736d3c8146294fc090c6f8f06c32d72)",
 "stainless 0.0.1 (git+https://github.com/reem/stainless#19798d361f3aede46655799a95991dfc06852fb1)",
]

[[package]]
name = "anymap"
version = "0.9.0"
source = "git+https://github.com/chris-morgan/anymap#512885e502985a30a5b64e881f6f3af5a901d301"

[[package]]
name = "glob"
version = "0.0.1"
source = "git+https://github.com/rust-lang/glob#27338cbd4736d3c8146294fc090c6f8f06c32d72"

[[package]]
name = "stainless"
version = "0.0.1"
source = "git+https://github.com/reem/stainless#19798d361f3aede46655799a95991dfc06852fb1"

